
Microsoft Visual Studio Solution File, Format Version 12.00
Project("{FAE04EC0-301F-11D3-BF4B-00C04F79EFBC}") = "FinalLab.API", "FinalLab.API\FinalLab.API.csproj", "{F19594D7-79B3-4E9F-8FC8-C5DBC4CDA70F}"
EndProject
Project("{FAE04EC0-301F-11D3-BF4B-00C04F79EFBC}") = "FinalLab.Application", "FinalLab.Application\FinalLab.Application.csproj", "{1BA4A559-BC2F-439A-9FDE-A67D0FAEB839}"
EndProject
Project("{FAE04EC0-301F-11D3-BF4B-00C04F79EFBC}") = "FinalLab.Common", "FinalLab.Common\FinalLab.Common.csproj", "{F50BA340-59F8-48BC-92C4-F5768BF4379A}"
EndProject
Project("{FAE04EC0-301F-11D3-BF4B-00C04F79EFBC}") = "FinalLab.Domain", "FinalLab.Domain\FinalLab.Domain.csproj", "{6377F121-1DB8-4E22-97C8-E9101F0E9634}"
EndProject
Project("{FAE04EC0-301F-11D3-BF4B-00C04F79EFBC}") = "FinalLab.Infrastructure", "FinalLab.Infrastructure\FinalLab.Infrastructure.csproj", "{2A6170FF-3A83-45C3-9CAC-A5BE33D34842}"
EndProject
Project("{FAE04EC0-301F-11D3-BF4B-00C04F79EFBC}") = "FinalLab.Persistence", "FinalLab.Persistence\FinalLab.Persistence.csproj", "{6B1A2EA0-45DD-4325-9CEF-3E14601AE988}"
EndProject
Project("{2150E333-8FDC-42A3-9474-1A3956D46DE8}") = "src", "src", "{6B00EE1D-EA32-4E79-B00C-B16DD4C42920}"
EndProject
Project("{2150E333-8FDC-42A3-9474-1A3956D46DE8}") = "Common", "Common", "{645136C0-5773-4498-BB12-0624C9EA13B1}"
EndProject
Project("{2150E333-8FDC-42A3-9474-1A3956D46DE8}") = "Core", "Core", "{2010488B-36B7-49B9-AE2F-B61C5EA076E4}"
EndProject
Project("{2150E333-8FDC-42A3-9474-1A3956D46DE8}") = "Infrastructure", "Infrastructure", "{D5B2C621-6C64-44BD-BF6E-6EC2BE80B1DD}"
EndProject
Project("{2150E333-8FDC-42A3-9474-1A3956D46DE8}") = "Presentation", "Presentation", "{0D3959C7-2AB8-4350-B85D-953FEF51E38F}"
EndProject
Project("{FAE04EC0-301F-11D3-BF4B-00C04F79EFBC}") = "FinalLab.Microservices.Logger", "FinalLab.Microservices.Logger\FinalLab.Microservices.Logger.csproj", "{864E2149-5B49-4322-9AE3-45BDDBE9FE86}"
EndProject
Project("{2150E333-8FDC-42A3-9474-1A3956D46DE8}") = "Testing", "Testing", "{5D20D89E-2A62-4BA8-BCD6-0C37BC79F8C7}"
EndProject
Project("{FAE04EC0-301F-11D3-BF4B-00C04F79EFBC}") = "FinalLab.Tests", "FinalLab.Tests\FinalLab.Tests.csproj", "{DDD3886B-A8E3-432B-BC0F-1395392F0C97}"
EndProject
Global
	GlobalSection(SolutionConfigurationPlatforms) = preSolution
		Debug|Any CPU = Debug|Any CPU
		Release|Any CPU = Release|Any CPU
	EndGlobalSection
	GlobalSection(ProjectConfigurationPlatforms) = postSolution
		{F19594D7-79B3-4E9F-8FC8-C5DBC4CDA70F}.Debug|Any CPU.ActiveCfg = Debug|Any CPU
		{F19594D7-79B3-4E9F-8FC8-C5DBC4CDA70F}.Debug|Any CPU.Build.0 = Debug|Any CPU
		{F19594D7-79B3-4E9F-8FC8-C5DBC4CDA70F}.Release|Any CPU.ActiveCfg = Release|Any CPU
		{F19594D7-79B3-4E9F-8FC8-C5DBC4CDA70F}.Release|Any CPU.Build.0 = Release|Any CPU
		{1BA4A559-BC2F-439A-9FDE-A67D0FAEB839}.Debug|Any CPU.ActiveCfg = Debug|Any CPU
		{1BA4A559-BC2F-439A-9FDE-A67D0FAEB839}.Debug|Any CPU.Build.0 = Debug|Any CPU
		{1BA4A559-BC2F-439A-9FDE-A67D0FAEB839}.Release|Any CPU.ActiveCfg = Release|Any CPU
		{1BA4A559-BC2F-439A-9FDE-A67D0FAEB839}.Release|Any CPU.Build.0 = Release|Any CPU
		{F50BA340-59F8-48BC-92C4-F5768BF4379A}.Debug|Any CPU.ActiveCfg = Debug|Any CPU
		{F50BA340-59F8-48BC-92C4-F5768BF4379A}.Debug|Any CPU.Build.0 = Debug|Any CPU
		{F50BA340-59F8-48BC-92C4-F5768BF4379A}.Release|Any CPU.ActiveCfg = Release|Any CPU
		{F50BA340-59F8-48BC-92C4-F5768BF4379A}.Release|Any CPU.Build.0 = Release|Any CPU
		{6377F121-1DB8-4E22-97C8-E9101F0E9634}.Debug|Any CPU.ActiveCfg = Debug|Any CPU
		{6377F121-1DB8-4E22-97C8-E9101F0E9634}.Debug|Any CPU.Build.0 = Debug|Any CPU
		{6377F121-1DB8-4E22-97C8-E9101F0E9634}.Release|Any CPU.ActiveCfg = Release|Any CPU
		{6377F121-1DB8-4E22-97C8-E9101F0E9634}.Release|Any CPU.Build.0 = Release|Any CPU
		{2A6170FF-3A83-45C3-9CAC-A5BE33D34842}.Debug|Any CPU.ActiveCfg = Debug|Any CPU
		{2A6170FF-3A83-45C3-9CAC-A5BE33D34842}.Debug|Any CPU.Build.0 = Debug|Any CPU
		{2A6170FF-3A83-45C3-9CAC-A5BE33D34842}.Release|Any CPU.ActiveCfg = Release|Any CPU
		{2A6170FF-3A83-45C3-9CAC-A5BE33D34842}.Release|Any CPU.Build.0 = Release|Any CPU
		{6B1A2EA0-45DD-4325-9CEF-3E14601AE988}.Debug|Any CPU.ActiveCfg = Debug|Any CPU
		{6B1A2EA0-45DD-4325-9CEF-3E14601AE988}.Debug|Any CPU.Build.0 = Debug|Any CPU
		{6B1A2EA0-45DD-4325-9CEF-3E14601AE988}.Release|Any CPU.ActiveCfg = Release|Any CPU
		{6B1A2EA0-45DD-4325-9CEF-3E14601AE988}.Release|Any CPU.Build.0 = Release|Any CPU
		{864E2149-5B49-4322-9AE3-45BDDBE9FE86}.Debug|Any CPU.ActiveCfg = Debug|Any CPU
		{864E2149-5B49-4322-9AE3-45BDDBE9FE86}.Debug|Any CPU.Build.0 = Debug|Any CPU
		{864E2149-5B49-4322-9AE3-45BDDBE9FE86}.Release|Any CPU.ActiveCfg = Release|Any CPU
		{864E2149-5B49-4322-9AE3-45BDDBE9FE86}.Release|Any CPU.Build.0 = Release|Any CPU
		{DDD3886B-A8E3-432B-BC0F-1395392F0C97}.Debug|Any CPU.ActiveCfg = Debug|Any CPU
		{DDD3886B-A8E3-432B-BC0F-1395392F0C97}.Debug|Any CPU.Build.0 = Debug|Any CPU
		{DDD3886B-A8E3-432B-BC0F-1395392F0C97}.Release|Any CPU.ActiveCfg = Release|Any CPU
		{DDD3886B-A8E3-432B-BC0F-1395392F0C97}.Release|Any CPU.Build.0 = Release|Any CPU
	EndGlobalSection
	GlobalSection(NestedProjects) = preSolution
		{645136C0-5773-4498-BB12-0624C9EA13B1} = {6B00EE1D-EA32-4E79-B00C-B16DD4C42920}
		{2010488B-36B7-49B9-AE2F-B61C5EA076E4} = {6B00EE1D-EA32-4E79-B00C-B16DD4C42920}
		{D5B2C621-6C64-44BD-BF6E-6EC2BE80B1DD} = {6B00EE1D-EA32-4E79-B00C-B16DD4C42920}
		{0D3959C7-2AB8-4350-B85D-953FEF51E38F} = {6B00EE1D-EA32-4E79-B00C-B16DD4C42920}
		{F19594D7-79B3-4E9F-8FC8-C5DBC4CDA70F} = {0D3959C7-2AB8-4350-B85D-953FEF51E38F}
		{F50BA340-59F8-48BC-92C4-F5768BF4379A} = {645136C0-5773-4498-BB12-0624C9EA13B1}
		{1BA4A559-BC2F-439A-9FDE-A67D0FAEB839} = {2010488B-36B7-49B9-AE2F-B61C5EA076E4}
		{6377F121-1DB8-4E22-97C8-E9101F0E9634} = {2010488B-36B7-49B9-AE2F-B61C5EA076E4}
		{2A6170FF-3A83-45C3-9CAC-A5BE33D34842} = {D5B2C621-6C64-44BD-BF6E-6EC2BE80B1DD}
		{6B1A2EA0-45DD-4325-9CEF-3E14601AE988} = {D5B2C621-6C64-44BD-BF6E-6EC2BE80B1DD}
		{864E2149-5B49-4322-9AE3-45BDDBE9FE86} = {D5B2C621-6C64-44BD-BF6E-6EC2BE80B1DD}
		{5D20D89E-2A62-4BA8-BCD6-0C37BC79F8C7} = {6B00EE1D-EA32-4E79-B00C-B16DD4C42920}
		{DDD3886B-A8E3-432B-BC0F-1395392F0C97} = {5D20D89E-2A62-4BA8-BCD6-0C37BC79F8C7}
	EndGlobalSection
EndGlobal
